
Microsoft Visual Studio Solution File, Format Version 12.00
# Visual Studio 2012
Project("{FAE04EC0-301F-11D3-BF4B-00C04F79EFBC}") = "ExecMocup", "ExecMocup\ExecMocup.csproj", "{A051D53B-4C91-48CB-9778-2396050F4544}"
EndProject
Project("{FAE04EC0-301F-11D3-BF4B-00C04F79EFBC}") = "MdbMockup", "MdbMockup\MdbMockup.csproj", "{4330594C-17E7-40B3-B4AE-F627C269E34C}"
EndProject
Project("{FAE04EC0-301F-11D3-BF4B-00C04F79EFBC}") = "ConUI", "ConUI\ConUI.csproj", "{6A8F7617-01C8-4693-814B-14D00D9C6118}"
EndProject
Global
	GlobalSection(SolutionConfigurationPlatforms) = preSolution
		Debug|Any CPU = Debug|Any CPU
		Release|Any CPU = Release|Any CPU
	EndGlobalSection
	GlobalSection(ProjectConfigurationPlatforms) = postSolution
		{A051D53B-4C91-48CB-9778-2396050F4544}.Debug|Any CPU.ActiveCfg = Debug|Any CPU
		{A051D53B-4C91-48CB-9778-2396050F4544}.Debug|Any CPU.Build.0 = Debug|Any CPU
		{A051D53B-4C91-48CB-9778-2396050F4544}.Release|Any CPU.ActiveCfg = Release|Any CPU
		{A051D53B-4C91-48CB-9778-2396050F4544}.Release|Any CPU.Build.0 = Release|Any CPU
		{4330594C-17E7-40B3-B4AE-F627C269E34C}.Debug|Any CPU.ActiveCfg = Debug|Any CPU
		{4330594C-17E7-40B3-B4AE-F627C269E34C}.Debug|Any CPU.Build.0 = Debug|Any CPU
		{4330594C-17E7-40B3-B4AE-F627C269E34C}.Release|Any CPU.ActiveCfg = Release|Any CPU
		{4330594C-17E7-40B3-B4AE-F627C269E34C}.Release|Any CPU.Build.0 = Release|Any CPU
		{6A8F7617-01C8-4693-814B-14D00D9C6118}.Debug|Any CPU.ActiveCfg = Debug|Any CPU
		{6A8F7617-01C8-4693-814B-14D00D9C6118}.Debug|Any CPU.Build.0 = Debug|Any CPU
		{6A8F7617-01C8-4693-814B-14D00D9C6118}.Release|Any CPU.ActiveCfg = Release|Any CPU
		{6A8F7617-01C8-4693-814B-14D00D9C6118}.Release|Any CPU.Build.0 = Release|Any CPU
	EndGlobalSection
	GlobalSection(SolutionProperties) = preSolution
		HideSolutionNode = FALSE
	EndGlobalSection
EndGlobal
